
Microsoft Visual Studio Solution File, Format Version 12.00
# Visual Studio 15
VisualStudioVersion = 15.0.28010.2036
MinimumVisualStudioVersion = 10.0.40219.1
Project("{FAE04EC0-301F-11D3-BF4B-00C04F79EFBC}") = "AdminPanel", "Admin\AdminPanel.csproj", "{467D7D3F-658D-45BF-8DB1-0AE65E2D6C71}"
EndProject
Project("{FAE04EC0-301F-11D3-BF4B-00C04F79EFBC}") = "Core", "Core\Core.csproj", "{722ED820-9159-4EC4-A7E1-26DAB95ADCCD}"
EndProject
Project("{FAE04EC0-301F-11D3-BF4B-00C04F79EFBC}") = "DocIt", "DocIt\DocIt.csproj", "{BE7817D0-5FC2-4F7F-A967-71DCE9D26460}"
EndProject
Global
	GlobalSection(SolutionConfigurationPlatforms) = preSolution
		Debug|Any CPU = Debug|Any CPU
		Release|Any CPU = Release|Any CPU
	EndGlobalSection
	GlobalSection(ProjectConfigurationPlatforms) = postSolution
		{467D7D3F-658D-45BF-8DB1-0AE65E2D6C71}.Debug|Any CPU.ActiveCfg = Debug|Any CPU
		{467D7D3F-658D-45BF-8DB1-0AE65E2D6C71}.Debug|Any CPU.Build.0 = Debug|Any CPU
		{467D7D3F-658D-45BF-8DB1-0AE65E2D6C71}.Release|Any CPU.ActiveCfg = Release|Any CPU
		{467D7D3F-658D-45BF-8DB1-0AE65E2D6C71}.Release|Any CPU.Build.0 = Release|Any CPU
		{722ED820-9159-4EC4-A7E1-26DAB95ADCCD}.Debug|Any CPU.ActiveCfg = Debug|Any CPU
		{722ED820-9159-4EC4-A7E1-26DAB95ADCCD}.Debug|Any CPU.Build.0 = Debug|Any CPU
		{722ED820-9159-4EC4-A7E1-26DAB95ADCCD}.Release|Any CPU.ActiveCfg = Release|Any CPU
		{722ED820-9159-4EC4-A7E1-26DAB95ADCCD}.Release|Any CPU.Build.0 = Release|Any CPU
		{BE7817D0-5FC2-4F7F-A967-71DCE9D26460}.Debug|Any CPU.ActiveCfg = Debug|Any CPU
		{BE7817D0-5FC2-4F7F-A967-71DCE9D26460}.Debug|Any CPU.Build.0 = Debug|Any CPU
		{BE7817D0-5FC2-4F7F-A967-71DCE9D26460}.Release|Any CPU.ActiveCfg = Release|Any CPU
		{BE7817D0-5FC2-4F7F-A967-71DCE9D26460}.Release|Any CPU.Build.0 = Release|Any CPU
	EndGlobalSection
	GlobalSection(SolutionProperties) = preSolution
		HideSolutionNode = FALSE
	EndGlobalSection
	GlobalSection(ExtensibilityGlobals) = postSolution
		SolutionGuid = {760140D1-2AA4-4DC2-9741-3F31284AFFDD}
	EndGlobalSection
EndGlobal
